
Microsoft Visual Studio Solution File, Format Version 12.00
# Visual Studio Version 17
VisualStudioVersion = 17.9.34622.214
MinimumVisualStudioVersion = 10.0.40219.1
Project("{FAE04EC0-301F-11D3-BF4B-00C04F79EFBC}") = "asycnawaitTest", "asycnawaitTest\asycnawaitTest.csproj", "{2F7E3C7E-A11D-44AC-84A5-885896441880}"
EndProject
Global
	GlobalSection(SolutionConfigurationPlatforms) = preSolution
		Debug|Any CPU = Debug|Any CPU
		Release|Any CPU = Release|Any CPU
	EndGlobalSection
	GlobalSection(ProjectConfigurationPlatforms) = postSolution
		{2F7E3C7E-A11D-44AC-84A5-885896441880}.Debug|Any CPU.ActiveCfg = Debug|Any CPU
		{2F7E3C7E-A11D-44AC-84A5-885896441880}.Debug|Any CPU.Build.0 = Debug|Any CPU
		{2F7E3C7E-A11D-44AC-84A5-885896441880}.Release|Any CPU.ActiveCfg = Release|Any CPU
		{2F7E3C7E-A11D-44AC-84A5-885896441880}.Release|Any CPU.Build.0 = Release|Any CPU
	EndGlobalSection
	GlobalSection(SolutionProperties) = preSolution
		HideSolutionNode = FALSE
	EndGlobalSection
	GlobalSection(ExtensibilityGlobals) = postSolution
		SolutionGuid = {DE7E5D18-DEE7-4217-B5BC-5FC8FE1E216B}
	EndGlobalSection
EndGlobal
