
Microsoft Visual Studio Solution File, Format Version 12.00
# Visual Studio Version 17
VisualStudioVersion = 17.9.34622.214
MinimumVisualStudioVersion = 10.0.40219.1
Project("{FAE04EC0-301F-11D3-BF4B-00C04F79EFBC}") = "ioc1", "ioc1\ioc1.csproj", "{B59A4590-800F-4E8F-81F2-2AAA6B4AC219}"
EndProject
Global
	GlobalSection(SolutionConfigurationPlatforms) = preSolution
		Debug|Any CPU = Debug|Any CPU
		Release|Any CPU = Release|Any CPU
	EndGlobalSection
	GlobalSection(ProjectConfigurationPlatforms) = postSolution
		{B59A4590-800F-4E8F-81F2-2AAA6B4AC219}.Debug|Any CPU.ActiveCfg = Debug|Any CPU
		{B59A4590-800F-4E8F-81F2-2AAA6B4AC219}.Debug|Any CPU.Build.0 = Debug|Any CPU
		{B59A4590-800F-4E8F-81F2-2AAA6B4AC219}.Release|Any CPU.ActiveCfg = Release|Any CPU
		{B59A4590-800F-4E8F-81F2-2AAA6B4AC219}.Release|Any CPU.Build.0 = Release|Any CPU
	EndGlobalSection
	GlobalSection(SolutionProperties) = preSolution
		HideSolutionNode = FALSE
	EndGlobalSection
	GlobalSection(ExtensibilityGlobals) = postSolution
		SolutionGuid = {DEAA012C-BDBF-4542-A9DC-BC82565B4CE4}
	EndGlobalSection
EndGlobal
